
Microsoft Visual Studio Solution File, Format Version 12.00
# Visual Studio Version 16
VisualStudioVersion = 16.0.33920.266
MinimumVisualStudioVersion = 10.0.40219.1
Project("{FAE04EC0-301F-11D3-BF4B-00C04F79EFBC}") = "SistemaBancoV01", "SistemaBancoV01\SistemaBancoV01.csproj", "{6D032F51-A9E0-455C-833E-A4A9A4EDECCC}"
EndProject
Global
	GlobalSection(SolutionConfigurationPlatforms) = preSolution
		Debug|Any CPU = Debug|Any CPU
		Release|Any CPU = Release|Any CPU
	EndGlobalSection
	GlobalSection(ProjectConfigurationPlatforms) = postSolution
		{6D032F51-A9E0-455C-833E-A4A9A4EDECCC}.Debug|Any CPU.ActiveCfg = Debug|Any CPU
		{6D032F51-A9E0-455C-833E-A4A9A4EDECCC}.Debug|Any CPU.Build.0 = Debug|Any CPU
		{6D032F51-A9E0-455C-833E-A4A9A4EDECCC}.Release|Any CPU.ActiveCfg = Release|Any CPU
		{6D032F51-A9E0-455C-833E-A4A9A4EDECCC}.Release|Any CPU.Build.0 = Release|Any CPU
	EndGlobalSection
	GlobalSection(SolutionProperties) = preSolution
		HideSolutionNode = FALSE
	EndGlobalSection
	GlobalSection(ExtensibilityGlobals) = postSolution
		SolutionGuid = {17A8F5AB-C919-4695-B2ED-07CFFD164A00}
	EndGlobalSection
EndGlobal
